
Microsoft Visual Studio Solution File, Format Version 12.00
# Visual Studio Version 17
VisualStudioVersion = 17.1.32407.343
MinimumVisualStudioVersion = 10.0.40219.1
Project("{FAE04EC0-301F-11D3-BF4B-00C04F79EFBC}") = "netcore-webapp-template", "netcore-webapp-template\netcore-webapp-template.csproj", "{FFCCAD21-36FA-4CCC-9594-30ED851E4F07}"
EndProject
Global
	GlobalSection(SolutionConfigurationPlatforms) = preSolution
		Debug|Any CPU = Debug|Any CPU
		Release|Any CPU = Release|Any CPU
	EndGlobalSection
	GlobalSection(ProjectConfigurationPlatforms) = postSolution
		{FFCCAD21-36FA-4CCC-9594-30ED851E4F07}.Debug|Any CPU.ActiveCfg = Debug|Any CPU
		{FFCCAD21-36FA-4CCC-9594-30ED851E4F07}.Debug|Any CPU.Build.0 = Debug|Any CPU
		{FFCCAD21-36FA-4CCC-9594-30ED851E4F07}.Release|Any CPU.ActiveCfg = Release|Any CPU
		{FFCCAD21-36FA-4CCC-9594-30ED851E4F07}.Release|Any CPU.Build.0 = Release|Any CPU
	EndGlobalSection
	GlobalSection(SolutionProperties) = preSolution
		HideSolutionNode = FALSE
	EndGlobalSection
	GlobalSection(ExtensibilityGlobals) = postSolution
		SolutionGuid = {99E054E8-77A3-4876-9FC1-996FD9FDC7D2}
	EndGlobalSection
EndGlobal
